// !$*UTF8*$!
{
	archiveVersion = 1;
	classes = {
	};
	objectVersion = 50;
	objects = {

/* Begin PBXBuildFile section */
		D13433FE2281B643004475D9 /* TabBarController.swift in Sources */ = {isa = PBXBuildFile; fileRef = D13433FD2281B643004475D9 /* TabBarController.swift */; };
		D13433FF2281B6FF004475D9 /* FrostedSidebar.swift in Sources */ = {isa = PBXBuildFile; fileRef = D13433FC2281B5C7004475D9 /* FrostedSidebar.swift */; };
		D13434042281B8E3004475D9 /* profile.png in Resources */ = {isa = PBXBuildFile; fileRef = D13434012281B8E3004475D9 /* profile.png */; };
		D13434052281B8E3004475D9 /* globe.png in Resources */ = {isa = PBXBuildFile; fileRef = D13434022281B8E3004475D9 /* globe.png */; };
		D13434062281B8E3004475D9 /* gear.png in Resources */ = {isa = PBXBuildFile; fileRef = D13434032281B8E3004475D9 /* gear.png */; };
		D13434092281CD16004475D9 /* burgera.png in Resources */ = {isa = PBXBuildFile; fileRef = D13434082281CD16004475D9 /* burgera.png */; };
		D134340B2281CE78004475D9 /* icons8-news-feed-filled-50.png in Resources */ = {isa = PBXBuildFile; fileRef = D134340A2281CE78004475D9 /* icons8-news-feed-filled-50.png */; };
		D134340D2282A1C5004475D9 /* NuberConversionViewController.swift in Sources */ = {isa = PBXBuildFile; fileRef = D134340C2282A1C5004475D9 /* NuberConversionViewController.swift */; };
		D13434112282D2F3004475D9 /* LengthConversionViewController.swift in Sources */ = {isa = PBXBuildFile; fileRef = D13434102282D2F3004475D9 /* LengthConversionViewController.swift */; };
		D13434132282D3D1004475D9 /* AreaConversionViewController.swift in Sources */ = {isa = PBXBuildFile; fileRef = D13434122282D3D1004475D9 /* AreaConversionViewController.swift */; };
		D13434152282DE4F004475D9 /* Unit.swift in Sources */ = {isa = PBXBuildFile; fileRef = D13434142282DE4F004475D9 /* Unit.swift */; };
		D187F9F7227B1A490025B6A7 /* AppDelegate.swift in Sources */ = {isa = PBXBuildFile; fileRef = D187F9F6227B1A490025B6A7 /* AppDelegate.swift */; };
		D187F9F9227B1A490025B6A7 /* ViewController.swift in Sources */ = {isa = PBXBuildFile; fileRef = D187F9F8227B1A490025B6A7 /* ViewController.swift */; };
		D187F9FC227B1A490025B6A7 /* Main.storyboard in Resources */ = {isa = PBXBuildFile; fileRef = D187F9FA227B1A490025B6A7 /* Main.storyboard */; };
		D187F9FE227B1A4A0025B6A7 /* Assets.xcassets in Resources */ = {isa = PBXBuildFile; fileRef = D187F9FD227B1A4A0025B6A7 /* Assets.xcassets */; };
		D187FA01227B1A4A0025B6A7 /* LaunchScreen.storyboard in Resources */ = {isa = PBXBuildFile; fileRef = D187F9FF227B1A4A0025B6A7 /* LaunchScreen.storyboard */; };
		D187FA0C227B1A4A0025B6A7 /* ConverterTests.swift in Sources */ = {isa = PBXBuildFile; fileRef = D187FA0B227B1A4A0025B6A7 /* ConverterTests.swift */; };
		D187FA17227B1A4A0025B6A7 /* ConverterUITests.swift in Sources */ = {isa = PBXBuildFile; fileRef = D187FA16227B1A4A0025B6A7 /* ConverterUITests.swift */; };
		D187FA25227B212F0025B6A7 /* baseline_swap_vert_black_24dp.png in Resources */ = {isa = PBXBuildFile; fileRef = D187FA24227B212F0025B6A7 /* baseline_swap_vert_black_24dp.png */; };
		D187FA27227B2CB20025B6A7 /* File.swift in Sources */ = {isa = PBXBuildFile; fileRef = D187FA26227B2CB20025B6A7 /* File.swift */; };
		D1A92DCA227CDDD600899E2A /* Toast.swift in Sources */ = {isa = PBXBuildFile; fileRef = D1A92DC9227CDDD600899E2A /* Toast.swift */; };
		D1A92DCC227D616600899E2A /* mechanicback.jpg in Resources */ = {isa = PBXBuildFile; fileRef = D1A92DCB227D616600899E2A /* mechanicback.jpg */; };
/* End PBXBuildFile section */

/* Begin PBXContainerItemProxy section */
		D187FA08227B1A4A0025B6A7 /* PBXContainerItemProxy */ = {
			isa = PBXContainerItemProxy;
			containerPortal = D187F9EB227B1A490025B6A7 /* Project object */;
			proxyType = 1;
			remoteGlobalIDString = D187F9F2227B1A490025B6A7;
			remoteInfo = Converter;
		};
		D187FA13227B1A4A0025B6A7 /* PBXContainerItemProxy */ = {
			isa = PBXContainerItemProxy;
			containerPortal = D187F9EB227B1A490025B6A7 /* Project object */;
			proxyType = 1;
			remoteGlobalIDString = D187F9F2227B1A490025B6A7;
			remoteInfo = Converter;
		};
/* End PBXContainerItemProxy section */

/* Begin PBXFileReference section */
		D13433FC2281B5C7004475D9 /* FrostedSidebar.swift */ = {isa = PBXFileReference; lastKnownFileType = sourcecode.swift; path = FrostedSidebar.swift; sourceTree = "<group>"; };
		D13433FD2281B643004475D9 /* TabBarController.swift */ = {isa = PBXFileReference; lastKnownFileType = sourcecode.swift; path = TabBarController.swift; sourceTree = "<group>"; };
		D13434012281B8E3004475D9 /* profile.png */ = {isa = PBXFileReference; lastKnownFileType = image.png; name = profile.png; path = ../../../../Downloads/profile.png; sourceTree = "<group>"; };
		D13434022281B8E3004475D9 /* globe.png */ = {isa = PBXFileReference; lastKnownFileType = image.png; name = globe.png; path = ../../../../Downloads/globe.png; sourceTree = "<group>"; };
		D13434032281B8E3004475D9 /* gear.png */ = {isa = PBXFileReference; lastKnownFileType = image.png; name = gear.png; path = ../../../../Downloads/gear.png; sourceTree = "<group>"; };
		D13434072281CB1C004475D9 /* mechanicback.jpg */ = {isa = PBXFileReference; lastKnownFileType = image.jpeg; path = mechanicback.jpg; sourceTree = "<group>"; };
		D13434082281CD16004475D9 /* burgera.png */ = {isa = PBXFileReference; lastKnownFileType = image.png; name = burgera.png; path = "../../../../Downloads/FrostedSidebar-master/FrostedSidebar/burgera.png"; sourceTree = "<group>"; };
		D134340A2281CE78004475D9 /* icons8-news-feed-filled-50.png */ = {isa = PBXFileReference; lastKnownFileType = image.png; name = "icons8-news-feed-filled-50.png"; path = "../../../../Downloads/icons8-news-feed-filled-50.png"; sourceTree = "<group>"; };
		D134340C2282A1C5004475D9 /* NuberConversionViewController.swift */ = {isa = PBXFileReference; lastKnownFileType = sourcecode.swift; path = NuberConversionViewController.swift; sourceTree = "<group>"; };
		D13434102282D2F3004475D9 /* LengthConversionViewController.swift */ = {isa = PBXFileReference; lastKnownFileType = sourcecode.swift; path = LengthConversionViewController.swift; sourceTree = "<group>"; };
		D13434122282D3D1004475D9 /* AreaConversionViewController.swift */ = {isa = PBXFileReference; lastKnownFileType = sourcecode.swift; path = AreaConversionViewController.swift; sourceTree = "<group>"; };
		D13434142282DE4F004475D9 /* Unit.swift */ = {isa = PBXFileReference; lastKnownFileType = sourcecode.swift; path = Unit.swift; sourceTree = "<group>"; };
		D187F9F3227B1A490025B6A7 /* Converter.app */ = {isa = PBXFileReference; explicitFileType = wrapper.application; includeInIndex = 0; path = Converter.app; sourceTree = BUILT_PRODUCTS_DIR; };
		D187F9F6227B1A490025B6A7 /* AppDelegate.swift */ = {isa = PBXFileReference; lastKnownFileType = sourcecode.swift; path = AppDelegate.swift; sourceTree = "<group>"; };
		D187F9F8227B1A490025B6A7 /* ViewController.swift */ = {isa = PBXFileReference; lastKnownFileType = sourcecode.swift; path = ViewController.swift; sourceTree = "<group>"; };
		D187F9FB227B1A490025B6A7 /* Base */ = {isa = PBXFileReference; lastKnownFileType = file.storyboard; name = Base; path = Base.lproj/Main.storyboard; sourceTree = "<group>"; };
		D187F9FD227B1A4A0025B6A7 /* Assets.xcassets */ = {isa = PBXFileReference; lastKnownFileType = folder.assetcatalog; path = Assets.xcassets; sourceTree = "<group>"; };
		D187FA00227B1A4A0025B6A7 /* Base */ = {isa = PBXFileReference; lastKnownFileType = file.storyboard; name = Base; path = Base.lproj/LaunchScreen.storyboard; sourceTree = "<group>"; };
		D187FA02227B1A4A0025B6A7 /* Info.plist */ = {isa = PBXFileReference; lastKnownFileType = text.plist.xml; path = Info.plist; sourceTree = "<group>"; };
		D187FA07227B1A4A0025B6A7 /* ConverterTests.xctest */ = {isa = PBXFileReference; explicitFileType = wrapper.cfbundle; includeInIndex = 0; path = ConverterTests.xctest; sourceTree = BUILT_PRODUCTS_DIR; };
		D187FA0B227B1A4A0025B6A7 /* ConverterTests.swift */ = {isa = PBXFileReference; lastKnownFileType = sourcecode.swift; path = ConverterTests.swift; sourceTree = "<group>"; };
		D187FA0D227B1A4A0025B6A7 /* Info.plist */ = {isa = PBXFileReference; lastKnownFileType = text.plist.xml; path = Info.plist; sourceTree = "<group>"; };
		D187FA12227B1A4A0025B6A7 /* ConverterUITests.xctest */ = {isa = PBXFileReference; explicitFileType = wrapper.cfbundle; includeInIndex = 0; path = ConverterUITests.xctest; sourceTree = BUILT_PRODUCTS_DIR; };
		D187FA16227B1A4A0025B6A7 /* ConverterUITests.swift */ = {isa = PBXFileReference; lastKnownFileType = sourcecode.swift; path = ConverterUITests.swift; sourceTree = "<group>"; };
		D187FA18227B1A4A0025B6A7 /* Info.plist */ = {isa = PBXFileReference; lastKnownFileType = text.plist.xml; path = Info.plist; sourceTree = "<group>"; };
		D187FA24227B212F0025B6A7 /* baseline_swap_vert_black_24dp.png */ = {isa = PBXFileReference; lastKnownFileType = image.png; name = baseline_swap_vert_black_24dp.png; path = "../../../Downloads/baseline-swap_vert-black-24/2x/baseline_swap_vert_black_24dp.png"; sourceTree = "<group>"; };
		D187FA26227B2CB20025B6A7 /* File.swift */ = {isa = PBXFileReference; lastKnownFileType = sourcecode.swift; path = File.swift; sourceTree = "<group>"; };
		D1A92DC9227CDDD600899E2A /* Toast.swift */ = {isa = PBXFileReference; lastKnownFileType = sourcecode.swift; path = Toast.swift; sourceTree = "<group>"; };
		D1A92DCB227D616600899E2A /* mechanicback.jpg */ = {isa = PBXFileReference; lastKnownFileType = image.jpeg; name = mechanicback.jpg; path = ../../../Downloads/mechanicback.jpg; sourceTree = "<group>"; };
/* End PBXFileReference section */

/* Begin PBXFrameworksBuildPhase section */
		D187F9F0227B1A490025B6A7 /* Frameworks */ = {
			isa = PBXFrameworksBuildPhase;
			buildActionMask = 2147483647;
			files = (
			);
			runOnlyForDeploymentPostprocessing = 0;
		};
		D187FA04227B1A4A0025B6A7 /* Frameworks */ = {
			isa = PBXFrameworksBuildPhase;
			buildActionMask = 2147483647;
			files = (
			);
			runOnlyForDeploymentPostprocessing = 0;
		};
		D187FA0F227B1A4A0025B6A7 /* Frameworks */ = {
			isa = PBXFrameworksBuildPhase;
			buildActionMask = 2147483647;
			files = (
			);
			runOnlyForDeploymentPostprocessing = 0;
		};
/* End PBXFrameworksBuildPhase section */

/* Begin PBXGroup section */
		D13434002281B7D3004475D9 /* Supporting Files */ = {
			isa = PBXGroup;
			children = (
				D134340A2281CE78004475D9 /* icons8-news-feed-filled-50.png */,
				D13434082281CD16004475D9 /* burgera.png */,
				D13434072281CB1C004475D9 /* mechanicback.jpg */,
				D13434032281B8E3004475D9 /* gear.png */,
				D13434022281B8E3004475D9 /* globe.png */,
				D13434012281B8E3004475D9 /* profile.png */,
			);
			path = "Supporting Files";
			sourceTree = "<group>";
		};
		D134340F2282D251004475D9 /* UnitViewControllers */ = {
			isa = PBXGroup;
			children = (
				D134340C2282A1C5004475D9 /* NuberConversionViewController.swift */,
				D13434102282D2F3004475D9 /* LengthConversionViewController.swift */,
				D13434122282D3D1004475D9 /* AreaConversionViewController.swift */,
			);
			name = UnitViewControllers;
			sourceTree = "<group>";
		};
		D187F9EA227B1A490025B6A7 = {
			isa = PBXGroup;
			children = (
				D187F9F5227B1A490025B6A7 /* Converter */,
				D187FA0A227B1A4A0025B6A7 /* ConverterTests */,
				D187FA15227B1A4A0025B6A7 /* ConverterUITests */,
				D187F9F4227B1A490025B6A7 /* Products */,
			);
			sourceTree = "<group>";
		};
		D187F9F4227B1A490025B6A7 /* Products */ = {
			isa = PBXGroup;
			children = (
				D187F9F3227B1A490025B6A7 /* Converter.app */,
				D187FA07227B1A4A0025B6A7 /* ConverterTests.xctest */,
				D187FA12227B1A4A0025B6A7 /* ConverterUITests.xctest */,
			);
			name = Products;
			sourceTree = "<group>";
		};
		D187F9F5227B1A490025B6A7 /* Converter */ = {
			isa = PBXGroup;
			children = (
				D13434142282DE4F004475D9 /* Unit.swift */,
				D134340F2282D251004475D9 /* UnitViewControllers */,
				D13434002281B7D3004475D9 /* Supporting Files */,
				D13433FC2281B5C7004475D9 /* FrostedSidebar.swift */,
				D1A92DCB227D616600899E2A /* mechanicback.jpg */,
				D187FA24227B212F0025B6A7 /* baseline_swap_vert_black_24dp.png */,
				D187F9F6227B1A490025B6A7 /* AppDelegate.swift */,
				D187F9F8227B1A490025B6A7 /* ViewController.swift */,
				D187F9FA227B1A490025B6A7 /* Main.storyboard */,
				D187F9FD227B1A4A0025B6A7 /* Assets.xcassets */,
				D187F9FF227B1A4A0025B6A7 /* LaunchScreen.storyboard */,
				D187FA02227B1A4A0025B6A7 /* Info.plist */,
				D187FA26227B2CB20025B6A7 /* File.swift */,
				D1A92DC9227CDDD600899E2A /* Toast.swift */,
				D13433FD2281B643004475D9 /* TabBarController.swift */,
			);
			path = Converter;
			sourceTree = "<group>";
		};
		D187FA0A227B1A4A0025B6A7 /* ConverterTests */ = {
			isa = PBXGroup;
			children = (
				D187FA0B227B1A4A0025B6A7 /* ConverterTests.swift */,
				D187FA0D227B1A4A0025B6A7 /* Info.plist */,
			);
			path = ConverterTests;
			sourceTree = "<group>";
		};
		D187FA15227B1A4A0025B6A7 /* ConverterUITests */ = {
			isa = PBXGroup;
			children = (
				D187FA16227B1A4A0025B6A7 /* ConverterUITests.swift */,
				D187FA18227B1A4A0025B6A7 /* Info.plist */,
			);
			path = ConverterUITests;
			sourceTree = "<group>";
		};
/* End PBXGroup section */

/* Begin PBXNativeTarget section */
		D187F9F2227B1A490025B6A7 /* Converter */ = {
			isa = PBXNativeTarget;
			buildConfigurationList = D187FA1B227B1A4A0025B6A7 /* Build configuration list for PBXNativeTarget "Converter" */;
			buildPhases = (
				D187F9EF227B1A490025B6A7 /* Sources */,
				D187F9F0227B1A490025B6A7 /* Frameworks */,
				D187F9F1227B1A490025B6A7 /* Resources */,
			);
			buildRules = (
			);
			dependencies = (
			);
			name = Converter;
			productName = Converter;
			productReference = D187F9F3227B1A490025B6A7 /* Converter.app */;
			productType = "com.apple.product-type.application";
		};
		D187FA06227B1A4A0025B6A7 /* ConverterTests */ = {
			isa = PBXNativeTarget;
			buildConfigurationList = D187FA1E227B1A4A0025B6A7 /* Build configuration list for PBXNativeTarget "ConverterTests" */;
			buildPhases = (
				D187FA03227B1A4A0025B6A7 /* Sources */,
				D187FA04227B1A4A0025B6A7 /* Frameworks */,
				D187FA05227B1A4A0025B6A7 /* Resources */,
			);
			buildRules = (
			);
			dependencies = (
				D187FA09227B1A4A0025B6A7 /* PBXTargetDependency */,
			);
			name = ConverterTests;
			productName = ConverterTests;
			productReference = D187FA07227B1A4A0025B6A7 /* ConverterTests.xctest */;
			productType = "com.apple.product-type.bundle.unit-test";
		};
		D187FA11227B1A4A0025B6A7 /* ConverterUITests */ = {
			isa = PBXNativeTarget;
			buildConfigurationList = D187FA21227B1A4A0025B6A7 /* Build configuration list for PBXNativeTarget "ConverterUITests" */;
			buildPhases = (
				D187FA0E227B1A4A0025B6A7 /* Sources */,
				D187FA0F227B1A4A0025B6A7 /* Frameworks */,
				D187FA10227B1A4A0025B6A7 /* Resources */,
			);
			buildRules = (
			);
			dependencies = (
				D187FA14227B1A4A0025B6A7 /* PBXTargetDependency */,
			);
			name = ConverterUITests;
			productName = ConverterUITests;
			productReference = D187FA12227B1A4A0025B6A7 /* ConverterUITests.xctest */;
			productType = "com.apple.product-type.bundle.ui-testing";
		};
/* End PBXNativeTarget section */

/* Begin PBXProject section */
		D187F9EB227B1A490025B6A7 /* Project object */ = {
			isa = PBXProject;
			attributes = {
				LastSwiftUpdateCheck = 1020;
				LastUpgradeCheck = 1020;
				ORGANIZATIONNAME = "庄司隼介";
				TargetAttributes = {
					D187F9F2227B1A490025B6A7 = {
						CreatedOnToolsVersion = 10.2.1;
					};
					D187FA06227B1A4A0025B6A7 = {
						CreatedOnToolsVersion = 10.2.1;
						TestTargetID = D187F9F2227B1A490025B6A7;
					};
					D187FA11227B1A4A0025B6A7 = {
						CreatedOnToolsVersion = 10.2.1;
						TestTargetID = D187F9F2227B1A490025B6A7;
					};
				};
			};
			buildConfigurationList = D187F9EE227B1A490025B6A7 /* Build configuration list for PBXProject "Converter" */;
			compatibilityVersion = "Xcode 9.3";
			developmentRegion = en;
			hasScannedForEncodings = 0;
			knownRegions = (
				en,
				Base,
			);
			mainGroup = D187F9EA227B1A490025B6A7;
			productRefGroup = D187F9F4227B1A490025B6A7 /* Products */;
			projectDirPath = "";
			projectRoot = "";
			targets = (
				D187F9F2227B1A490025B6A7 /* Converter */,
				D187FA06227B1A4A0025B6A7 /* ConverterTests */,
				D187FA11227B1A4A0025B6A7 /* ConverterUITests */,
			);
		};
/* End PBXProject section */

/* Begin PBXResourcesBuildPhase section */
		D187F9F1227B1A490025B6A7 /* Resources */ = {
			isa = PBXResourcesBuildPhase;
			buildActionMask = 2147483647;
			files = (
				D187FA01227B1A4A0025B6A7 /* LaunchScreen.storyboard in Resources */,
				D13434052281B8E3004475D9 /* globe.png in Resources */,
				D187F9FE227B1A4A0025B6A7 /* Assets.xcassets in Resources */,
				D13434042281B8E3004475D9 /* profile.png in Resources */,
				D187FA25227B212F0025B6A7 /* baseline_swap_vert_black_24dp.png in Resources */,
				D1A92DCC227D616600899E2A /* mechanicback.jpg in Resources */,
				D13434092281CD16004475D9 /* burgera.png in Resources */,
				D187F9FC227B1A490025B6A7 /* Main.storyboard in Resources */,
				D13434062281B8E3004475D9 /* gear.png in Resources */,
				D134340B2281CE78004475D9 /* icons8-news-feed-filled-50.png in Resources */,
			);
			runOnlyForDeploymentPostprocessing = 0;
		};
		D187FA05227B1A4A0025B6A7 /* Resources */ = {
			isa = PBXResourcesBuildPhase;
			buildActionMask = 2147483647;
			files = (
			);
			runOnlyForDeploymentPostprocessing = 0;
		};
		D187FA10227B1A4A0025B6A7 /* Resources */ = {
			isa = PBXResourcesBuildPhase;
			buildActionMask = 2147483647;
			files = (
			);
			runOnlyForDeploymentPostprocessing = 0;
		};
/* End PBXResourcesBuildPhase section */

/* Begin PBXSourcesBuildPhase section */
		D187F9EF227B1A490025B6A7 /* Sources */ = {
			isa = PBXSourcesBuildPhase;
			buildActionMask = 2147483647;
			files = (
				D13433FF2281B6FF004475D9 /* FrostedSidebar.swift in Sources */,
				D134340D2282A1C5004475D9 /* NuberConversionViewController.swift in Sources */,
				D187F9F9227B1A490025B6A7 /* ViewController.swift in Sources */,
				D1A92DCA227CDDD600899E2A /* Toast.swift in Sources */,
				D187FA27227B2CB20025B6A7 /* File.swift in Sources */,
				D13434152282DE4F004475D9 /* Unit.swift in Sources */,
				D13433FE2281B643004475D9 /* TabBarController.swift in Sources */,
				D13434112282D2F3004475D9 /* LengthConversionViewController.swift in Sources */,
				D187F9F7227B1A490025B6A7 /* AppDelegate.swift in Sources */,
				D13434132282D3D1004475D9 /* AreaConversionViewController.swift in Sources */,
			);
			runOnlyForDeploymentPostprocessing = 0;
		};
		D187FA03227B1A4A0025B6A7 /* Sources */ = {
			isa = PBXSourcesBuildPhase;
			buildActionMask = 2147483647;
			files = (
				D187FA0C227B1A4A0025B6A7 /* ConverterTests.swift in Sources */,
			);
			runOnlyForDeploymentPostprocessing = 0;
		};
		D187FA0E227B1A4A0025B6A7 /* Sources */ = {
			isa = PBXSourcesBuildPhase;
			buildActionMask = 2147483647;
			files = (
				D187FA17227B1A4A0025B6A7 /* ConverterUITests.swift in Sources */,
			);
			runOnlyForDeploymentPostprocessing = 0;
		};
/* End PBXSourcesBuildPhase section */

/* Begin PBXTargetDependency section */
		D187FA09227B1A4A0025B6A7 /* PBXTargetDependency */ = {
			isa = PBXTargetDependency;
			target = D187F9F2227B1A490025B6A7 /* Converter */;
			targetProxy = D187FA08227B1A4A0025B6A7 /* PBXContainerItemProxy */;
		};
		D187FA14227B1A4A0025B6A7 /* PBXTargetDependency */ = {
			isa = PBXTargetDependency;
			target = D187F9F2227B1A490025B6A7 /* Converter */;
			targetProxy = D187FA13227B1A4A0025B6A7 /* PBXContainerItemProxy */;
		};
/* End PBXTargetDependency section */

/* Begin PBXVariantGroup section */
		D187F9FA227B1A490025B6A7 /* Main.storyboard */ = {
			isa = PBXVariantGroup;
			children = (
				D187F9FB227B1A490025B6A7 /* Base */,
			);
			name = Main.storyboard;
			sourceTree = "<group>";
		};
		D187F9FF227B1A4A0025B6A7 /* LaunchScreen.storyboard */ = {
			isa = PBXVariantGroup;
			children = (
				D187FA00227B1A4A0025B6A7 /* Base */,
			);
			name = LaunchScreen.storyboard;
			sourceTree = "<group>";
		};
/* End PBXVariantGroup section */

/* Begin XCBuildConfiguration section */
		D187FA19227B1A4A0025B6A7 /* Debug */ = {
			isa = XCBuildConfiguration;
			buildSettings = {
				ALWAYS_SEARCH_USER_PATHS = NO;
				CLANG_ANALYZER_NONNULL = YES;
				CLANG_ANALYZER_NUMBER_OBJECT_CONVERSION = YES_AGGRESSIVE;
				CLANG_CXX_LANGUAGE_STANDARD = "gnu++14";
				CLANG_CXX_LIBRARY = "libc++";
				CLANG_ENABLE_MODULES = YES;
				CLANG_ENABLE_OBJC_ARC = YES;
				CLANG_ENABLE_OBJC_WEAK = YES;
				CLANG_WARN_BLOCK_CAPTURE_AUTORELEASING = YES;
				CLANG_WARN_BOOL_CONVERSION = YES;
				CLANG_WARN_COMMA = YES;
				CLANG_WARN_CONSTANT_CONVERSION = YES;
				CLANG_WARN_DEPRECATED_OBJC_IMPLEMENTATIONS = YES;
				CLANG_WARN_DIRECT_OBJC_ISA_USAGE = YES_ERROR;
				CLANG_WARN_DOCUMENTATION_COMMENTS = YES;
				CLANG_WARN_EMPTY_BODY = YES;
				CLANG_WARN_ENUM_CONVERSION = YES;
				CLANG_WARN_INFINITE_RECURSION = YES;
				CLANG_WARN_INT_CONVERSION = YES;
				CLANG_WARN_NON_LITERAL_NULL_CONVERSION = YES;
				CLANG_WARN_OBJC_IMPLICIT_RETAIN_SELF = YES;
				CLANG_WARN_OBJC_LITERAL_CONVERSION = YES;
				CLANG_WARN_OBJC_ROOT_CLASS = YES_ERROR;
				CLANG_WARN_RANGE_LOOP_ANALYSIS = YES;
				CLANG_WARN_STRICT_PROTOTYPES = YES;
				CLANG_WARN_SUSPICIOUS_MOVE = YES;
				CLANG_WARN_UNGUARDED_AVAILABILITY = YES_AGGRESSIVE;
				CLANG_WARN_UNREACHABLE_CODE = YES;
				CLANG_WARN__DUPLICATE_METHOD_MATCH = YES;
				CODE_SIGN_IDENTITY = "iPhone Developer";
				COPY_PHASE_STRIP = NO;
				DEBUG_INFORMATION_FORMAT = dwarf;
				ENABLE_STRICT_OBJC_MSGSEND = YES;
				ENABLE_TESTABILITY = YES;
				GCC_C_LANGUAGE_STANDARD = gnu11;
				GCC_DYNAMIC_NO_PIC = NO;
				GCC_NO_COMMON_BLOCKS = YES;
				GCC_OPTIMIZATION_LEVEL = 0;
				GCC_PREPROCESSOR_DEFINITIONS = (
					"DEBUG=1",
					"$(inherited)",
				);
				GCC_WARN_64_TO_32_BIT_CONVERSION = YES;
				GCC_WARN_ABOUT_RETURN_TYPE = YES_ERROR;
				GCC_WARN_UNDECLARED_SELECTOR = YES;
				GCC_WARN_UNINITIALIZED_AUTOS = YES_AGGRESSIVE;
				GCC_WARN_UNUSED_FUNCTION = YES;
				GCC_WARN_UNUSED_VARIABLE = YES;
				IPHONEOS_DEPLOYMENT_TARGET = 12.2;
				MTL_ENABLE_DEBUG_INFO = INCLUDE_SOURCE;
				MTL_FAST_MATH = YES;
				ONLY_ACTIVE_ARCH = YES;
				SDKROOT = iphoneos;
				SWIFT_ACTIVE_COMPILATION_CONDITIONS = DEBUG;
				SWIFT_OPTIMIZATION_LEVEL = "-Onone";
			};
			name = Debug;
		};
		D187FA1A227B1A4A0025B6A7 /* Release */ = {
			isa = XCBuildConfiguration;
			buildSettings = {
				ALWAYS_SEARCH_USER_PATHS = NO;
				CLANG_ANALYZER_NONNULL = YES;
				CLANG_ANALYZER_NUMBER_OBJECT_CONVERSION = YES_AGGRESSIVE;
				CLANG_CXX_LANGUAGE_STANDARD = "gnu++14";
				CLANG_CXX_LIBRARY = "libc++";
				CLANG_ENABLE_MODULES = YES;
				CLANG_ENABLE_OBJC_ARC = YES;
				CLANG_ENABLE_OBJC_WEAK = YES;
				CLANG_WARN_BLOCK_CAPTURE_AUTORELEASING = YES;
				CLANG_WARN_BOOL_CONVERSION = YES;
				CLANG_WARN_COMMA = YES;
				CLANG_WARN_CONSTANT_CONVERSION = YES;
				CLANG_WARN_DEPRECATED_OBJC_IMPLEMENTATIONS = YES;
				CLANG_WARN_DIRECT_OBJC_ISA_USAGE = YES_ERROR;
				CLANG_WARN_DOCUMENTATION_COMMENTS = YES;
				CLANG_WARN_EMPTY_BODY = YES;
				CLANG_WARN_ENUM_CONVERSION = YES;
				CLANG_WARN_INFINITE_RECURSION = YES;
				CLANG_WARN_INT_CONVERSION = YES;
				CLANG_WARN_NON_LITERAL_NULL_CONVERSION = YES;
				CLANG_WARN_OBJC_IMPLICIT_RETAIN_SELF = YES;
				CLANG_WARN_OBJC_LITERAL_CONVERSION = YES;
				CLANG_WARN_OBJC_ROOT_CLASS = YES_ERROR;
				CLANG_WARN_RANGE_LOOP_ANALYSIS = YES;
				CLANG_WARN_STRICT_PROTOTYPES = YES;
				CLANG_WARN_SUSPICIOUS_MOVE = YES;
				CLANG_WARN_UNGUARDED_AVAILABILITY = YES_AGGRESSIVE;
				CLANG_WARN_UNREACHABLE_CODE = YES;
				CLANG_WARN__DUPLICATE_METHOD_MATCH = YES;
				CODE_SIGN_IDENTITY = "iPhone Developer";
				COPY_PHASE_STRIP = NO;
				DEBUG_INFORMATION_FORMAT = "dwarf-with-dsym";
				ENABLE_NS_ASSERTIONS = NO;
				ENABLE_STRICT_OBJC_MSGSEND = YES;
				GCC_C_LANGUAGE_STANDARD = gnu11;
				GCC_NO_COMMON_BLOCKS = YES;
				GCC_WARN_64_TO_32_BIT_CONVERSION = YES;
				GCC_WARN_ABOUT_RETURN_TYPE = YES_ERROR;
				GCC_WARN_UNDECLARED_SELECTOR = YES;
				GCC_WARN_UNINITIALIZED_AUTOS = YES_AGGRESSIVE;
				GCC_WARN_UNUSED_FUNCTION = YES;
				GCC_WARN_UNUSED_VARIABLE = YES;
				IPHONEOS_DEPLOYMENT_TARGET = 12.2;
				MTL_ENABLE_DEBUG_INFO = NO;
				MTL_FAST_MATH = YES;
				SDKROOT = iphoneos;
				SWIFT_COMPILATION_MODE = wholemodule;
				SWIFT_OPTIMIZATION_LEVEL = "-O";
				VALIDATE_PRODUCT = YES;
			};
			name = Release;
		};
		D187FA1C227B1A4A0025B6A7 /* Debug */ = {
			isa = XCBuildConfiguration;
			buildSettings = {
				ASSETCATALOG_COMPILER_APPICON_NAME = AppIcon;
				CODE_SIGN_STYLE = Automatic;
				INFOPLIST_FILE = Converter/Info.plist;
				LD_RUNPATH_SEARCH_PATHS = (
					"$(inherited)",
					"@executable_path/Frameworks",
				);
				PRODUCT_BUNDLE_IDENTIFIER = com.shunsukeshoji.Converter;
				PRODUCT_NAME = "$(TARGET_NAME)";
				SWIFT_VERSION = 5.0;
				TARGETED_DEVICE_FAMILY = "1,2";
			};
			name = Debug;
		};
		D187FA1D227B1A4A0025B6A7 /* Release */ = {
			isa = XCBuildConfiguration;
			buildSettings = {
				ASSETCATALOG_COMPILER_APPICON_NAME = AppIcon;
				CODE_SIGN_STYLE = Automatic;
				INFOPLIST_FILE = Converter/Info.plist;
				LD_RUNPATH_SEARCH_PATHS = (
					"$(inherited)",
					"@executable_path/Frameworks",
				);
				PRODUCT_BUNDLE_IDENTIFIER = com.shunsukeshoji.Converter;
				PRODUCT_NAME = "$(TARGET_NAME)";
				SWIFT_VERSION = 5.0;
				TARGETED_DEVICE_FAMILY = "1,2";
			};
			name = Release;
		};
		D187FA1F227B1A4A0025B6A7 /* Debug */ = {
			isa = XCBuildConfiguration;
			buildSettings = {
				ALWAYS_EMBED_SWIFT_STANDARD_LIBRARIES = YES;
				BUNDLE_LOADER = "$(TEST_HOST)";
				CODE_SIGN_STYLE = Automatic;
				INFOPLIST_FILE = ConverterTests/Info.plist;
				LD_RUNPATH_SEARCH_PATHS = (
					"$(inherited)",
					"@executable_path/Frameworks",
					"@loader_path/Frameworks",
				);
				PRODUCT_BUNDLE_IDENTIFIER = com.shunsukeshoji.ConverterTests;
				PRODUCT_NAME = "$(TARGET_NAME)";
				SWIFT_VERSION = 5.0;
				TARGETED_DEVICE_FAMILY = "1,2";
				TEST_HOST = "$(BUILT_PRODUCTS_DIR)/Converter.app/Converter";
			};
			name = Debug;
		};
		D187FA20227B1A4A0025B6A7 /* Release */ = {
			isa = XCBuildConfiguration;
			buildSettings = {
				ALWAYS_EMBED_SWIFT_STANDARD_LIBRARIES = YES;
				BUNDLE_LOADER = "$(TEST_HOST)";
				CODE_SIGN_STYLE = Automatic;
				INFOPLIST_FILE = ConverterTests/Info.plist;
				LD_RUNPATH_SEARCH_PATHS = (
					"$(inherited)",
					"@executable_path/Frameworks",
					"@loader_path/Frameworks",
				);
				PRODUCT_BUNDLE_IDENTIFIER = com.shunsukeshoji.ConverterTests;
				PRODUCT_NAME = "$(TARGET_NAME)";
				SWIFT_VERSION = 5.0;
				TARGETED_DEVICE_FAMILY = "1,2";
				TEST_HOST = "$(BUILT_PRODUCTS_DIR)/Converter.app/Converter";
			};
			name = Release;
		};
		D187FA22227B1A4A0025B6A7 /* Debug */ = {
			isa = XCBuildConfiguration;
			buildSettings = {
				ALWAYS_EMBED_SWIFT_STANDARD_LIBRARIES = YES;
				CODE_SIGN_STYLE = Automatic;
				INFOPLIST_FILE = ConverterUITests/Info.plist;
				LD_RUNPATH_SEARCH_PATHS = (
					"$(inherited)",
					"@executable_path/Frameworks",
					"@loader_path/Frameworks",
				);
				PRODUCT_BUNDLE_IDENTIFIER = com.shunsukeshoji.ConverterUITests;
				PRODUCT_NAME = "$(TARGET_NAME)";
				SWIFT_VERSION = 5.0;
				TARGETED_DEVICE_FAMILY = "1,2";
				TEST_TARGET_NAME = Converter;
			};
			name = Debug;
		};
		D187FA23227B1A4A0025B6A7 /* Release */ = {
			isa = XCBuildConfiguration;
			buildSettings = {
				ALWAYS_EMBED_SWIFT_STANDARD_LIBRARIES = YES;
				CODE_SIGN_STYLE = Automatic;
				INFOPLIST_FILE = ConverterUITests/Info.plist;
				LD_RUNPATH_SEARCH_PATHS = (
					"$(inherited)",
					"@executable_path/Frameworks",
					"@loader_path/Frameworks",
				);
				PRODUCT_BUNDLE_IDENTIFIER = com.shunsukeshoji.ConverterUITests;
				PRODUCT_NAME = "$(TARGET_NAME)";
				SWIFT_VERSION = 5.0;
				TARGETED_DEVICE_FAMILY = "1,2";
				TEST_TARGET_NAME = Converter;
			};
			name = Release;
		};
/* End XCBuildConfiguration section */

/* Begin XCConfigurationList section */
		D187F9EE227B1A490025B6A7 /* Build configuration list for PBXProject "Converter" */ = {
			isa = XCConfigurationList;
			buildConfigurations = (
				D187FA19227B1A4A0025B6A7 /* Debug */,
				D187FA1A227B1A4A0025B6A7 /* Release */,
			);
			defaultConfigurationIsVisible = 0;
			defaultConfigurationName = Release;
		};
		D187FA1B227B1A4A0025B6A7 /* Build configuration list for PBXNativeTarget "Converter" */ = {
			isa = XCConfigurationList;
			buildConfigurations = (
				D187FA1C227B1A4A0025B6A7 /* Debug */,
				D187FA1D227B1A4A0025B6A7 /* Release */,
			);
			defaultConfigurationIsVisible = 0;
			defaultConfigurationName = Release;
		};
		D187FA1E227B1A4A0025B6A7 /* Build configuration list for PBXNativeTarget "ConverterTests" */ = {
			isa = XCConfigurationList;
			buildConfigurations = (
				D187FA1F227B1A4A0025B6A7 /* Debug */,
				D187FA20227B1A4A0025B6A7 /* Release */,
			);
			defaultConfigurationIsVisible = 0;
			defaultConfigurationName = Release;
		};
		D187FA21227B1A4A0025B6A7 /* Build configuration list for PBXNativeTarget "ConverterUITests" */ = {
			isa = XCConfigurationList;
			buildConfigurations = (
				D187FA22227B1A4A0025B6A7 /* Debug */,
				D187FA23227B1A4A0025B6A7 /* Release */,
			);
			defaultConfigurationIsVisible = 0;
			defaultConfigurationName = Release;
		};
/* End XCConfigurationList section */
	};
	rootObject = D187F9EB227B1A490025B6A7 /* Project object */;
}
